
Microsoft Visual Studio Solution File, Format Version 12.00
# Visual Studio Version 17
VisualStudioVersion = 17.13.35825.156 d17.13
MinimumVisualStudioVersion = 10.0.40219.1
Project("{FAE04EC0-301F-11D3-BF4B-00C04F79EFBC}") = "ConsoleApp", "ConsoleApp\ConsoleApp.csproj", "{EF5DE065-F0E7-487A-8B70-BB6DF123FE0B}"
EndProject
Global
	GlobalSection(SolutionConfigurationPlatforms) = preSolution
		Debug|Any CPU = Debug|Any CPU
		Release|Any CPU = Release|Any CPU
	EndGlobalSection
	GlobalSection(ProjectConfigurationPlatforms) = postSolution
		{EF5DE065-F0E7-487A-8B70-BB6DF123FE0B}.Debug|Any CPU.ActiveCfg = Debug|Any CPU
		{EF5DE065-F0E7-487A-8B70-BB6DF123FE0B}.Debug|Any CPU.Build.0 = Debug|Any CPU
		{EF5DE065-F0E7-487A-8B70-BB6DF123FE0B}.Release|Any CPU.ActiveCfg = Release|Any CPU
		{EF5DE065-F0E7-487A-8B70-BB6DF123FE0B}.Release|Any CPU.Build.0 = Release|Any CPU
	EndGlobalSection
	GlobalSection(SolutionProperties) = preSolution
		HideSolutionNode = FALSE
	EndGlobalSection
	GlobalSection(ExtensibilityGlobals) = postSolution
		SolutionGuid = {BB5BBE9D-C7DD-4239-B461-BA201979C45D}
	EndGlobalSection
EndGlobal
